// !$*UTF8*$!
{
	archiveVersion = 1;
	classes = {
	};
	objectVersion = 56;
	objects = {

/* Begin PBXBuildFile section */
		A277357E2B34DCE0009F0DF5 /* Post.swift in Sources */ = {isa = PBXBuildFile; fileRef = A277357D2B34DCE0009F0DF5 /* Post.swift */; };
		A27735802B34DCEE009F0DF5 /* User.swift in Sources */ = {isa = PBXBuildFile; fileRef = A277357F2B34DCEE009F0DF5 /* User.swift */; };
		A27735862B34E898009F0DF5 /* CrustaceanTabView.swift in Sources */ = {isa = PBXBuildFile; fileRef = A27735852B34E898009F0DF5 /* CrustaceanTabView.swift */; };
		A27735882B34E919009F0DF5 /* Tab.swift in Sources */ = {isa = PBXBuildFile; fileRef = A27735872B34E919009F0DF5 /* Tab.swift */; };
		A277358A2B34EC92009F0DF5 /* Constants.swift in Sources */ = {isa = PBXBuildFile; fileRef = A27735892B34EC92009F0DF5 /* Constants.swift */; };
		A277358E2B34F8DB009F0DF5 /* PostListItemView.swift in Sources */ = {isa = PBXBuildFile; fileRef = A277358D2B34F8DB009F0DF5 /* PostListItemView.swift */; };
		A27735902B3596F3009F0DF5 /* PostDetailView.swift in Sources */ = {isa = PBXBuildFile; fileRef = A277358F2B3596F3009F0DF5 /* PostDetailView.swift */; };
		A27735922B35977B009F0DF5 /* Utils.swift in Sources */ = {isa = PBXBuildFile; fileRef = A27735912B35977B009F0DF5 /* Utils.swift */; };
		A277359A2B35A81B009F0DF5 /* Comment.swift in Sources */ = {isa = PBXBuildFile; fileRef = A27735992B35A81B009F0DF5 /* Comment.swift */; };
		A277359C2B35BD55009F0DF5 /* Story.swift in Sources */ = {isa = PBXBuildFile; fileRef = A277359B2B35BD55009F0DF5 /* Story.swift */; };
		A284138A2B3482AE008F293E /* CrustaceanApp.swift in Sources */ = {isa = PBXBuildFile; fileRef = A28413892B3482AE008F293E /* CrustaceanApp.swift */; };
		A284138C2B3482AE008F293E /* ContentView.swift in Sources */ = {isa = PBXBuildFile; fileRef = A284138B2B3482AE008F293E /* ContentView.swift */; };
		A284138E2B3482B0008F293E /* Assets.xcassets in Resources */ = {isa = PBXBuildFile; fileRef = A284138D2B3482B0008F293E /* Assets.xcassets */; };
		A28413912B3482B0008F293E /* Preview Assets.xcassets in Resources */ = {isa = PBXBuildFile; fileRef = A28413902B3482B0008F293E /* Preview Assets.xcassets */; };
		A2C703492B362E1D00D3670C /* PostHeadingView.swift in Sources */ = {isa = PBXBuildFile; fileRef = A2C703482B362E1D00D3670C /* PostHeadingView.swift */; };
		A2C7034E2B36365500D3670C /* CommentView.swift in Sources */ = {isa = PBXBuildFile; fileRef = A2C7034D2B36365500D3670C /* CommentView.swift */; };
/* End PBXBuildFile section */

/* Begin PBXFileReference section */
		A277357D2B34DCE0009F0DF5 /* Post.swift */ = {isa = PBXFileReference; lastKnownFileType = sourcecode.swift; path = Post.swift; sourceTree = "<group>"; };
		A277357F2B34DCEE009F0DF5 /* User.swift */ = {isa = PBXFileReference; lastKnownFileType = sourcecode.swift; path = User.swift; sourceTree = "<group>"; };
		A27735852B34E898009F0DF5 /* CrustaceanTabView.swift */ = {isa = PBXFileReference; lastKnownFileType = sourcecode.swift; path = CrustaceanTabView.swift; sourceTree = "<group>"; };
		A27735872B34E919009F0DF5 /* Tab.swift */ = {isa = PBXFileReference; lastKnownFileType = sourcecode.swift; path = Tab.swift; sourceTree = "<group>"; };
		A27735892B34EC92009F0DF5 /* Constants.swift */ = {isa = PBXFileReference; lastKnownFileType = sourcecode.swift; path = Constants.swift; sourceTree = "<group>"; };
		A277358D2B34F8DB009F0DF5 /* PostListItemView.swift */ = {isa = PBXFileReference; lastKnownFileType = sourcecode.swift; path = PostListItemView.swift; sourceTree = "<group>"; };
		A277358F2B3596F3009F0DF5 /* PostDetailView.swift */ = {isa = PBXFileReference; lastKnownFileType = sourcecode.swift; path = PostDetailView.swift; sourceTree = "<group>"; };
		A27735912B35977B009F0DF5 /* Utils.swift */ = {isa = PBXFileReference; lastKnownFileType = sourcecode.swift; path = Utils.swift; sourceTree = "<group>"; };
		A27735992B35A81B009F0DF5 /* Comment.swift */ = {isa = PBXFileReference; lastKnownFileType = sourcecode.swift; path = Comment.swift; sourceTree = "<group>"; };
		A277359B2B35BD55009F0DF5 /* Story.swift */ = {isa = PBXFileReference; lastKnownFileType = sourcecode.swift; path = Story.swift; sourceTree = "<group>"; };
		A28413862B3482AE008F293E /* crustacean.app */ = {isa = PBXFileReference; explicitFileType = wrapper.application; includeInIndex = 0; path = crustacean.app; sourceTree = BUILT_PRODUCTS_DIR; };
		A28413892B3482AE008F293E /* CrustaceanApp.swift */ = {isa = PBXFileReference; lastKnownFileType = sourcecode.swift; path = CrustaceanApp.swift; sourceTree = "<group>"; };
		A284138B2B3482AE008F293E /* ContentView.swift */ = {isa = PBXFileReference; lastKnownFileType = sourcecode.swift; path = ContentView.swift; sourceTree = "<group>"; };
		A284138D2B3482B0008F293E /* Assets.xcassets */ = {isa = PBXFileReference; lastKnownFileType = folder.assetcatalog; path = Assets.xcassets; sourceTree = "<group>"; };
		A28413902B3482B0008F293E /* Preview Assets.xcassets */ = {isa = PBXFileReference; lastKnownFileType = folder.assetcatalog; path = "Preview Assets.xcassets"; sourceTree = "<group>"; };
		A2C703482B362E1D00D3670C /* PostHeadingView.swift */ = {isa = PBXFileReference; lastKnownFileType = sourcecode.swift; path = PostHeadingView.swift; sourceTree = "<group>"; };
		A2C7034D2B36365500D3670C /* CommentView.swift */ = {isa = PBXFileReference; lastKnownFileType = sourcecode.swift; path = CommentView.swift; sourceTree = "<group>"; };
/* End PBXFileReference section */

/* Begin PBXFrameworksBuildPhase section */
		A28413832B3482AE008F293E /* Frameworks */ = {
			isa = PBXFrameworksBuildPhase;
			buildActionMask = 2147483647;
			files = (
			);
			runOnlyForDeploymentPostprocessing = 0;
		};
/* End PBXFrameworksBuildPhase section */

/* Begin PBXGroup section */
		A284137D2B3482AE008F293E = {
			isa = PBXGroup;
			children = (
				A28413882B3482AE008F293E /* crustacean */,
				A28413872B3482AE008F293E /* Products */,
			);
			sourceTree = "<group>";
		};
		A28413872B3482AE008F293E /* Products */ = {
			isa = PBXGroup;
			children = (
				A28413862B3482AE008F293E /* crustacean.app */,
			);
			name = Products;
			sourceTree = "<group>";
		};
		A28413882B3482AE008F293E /* crustacean */ = {
			isa = PBXGroup;
			children = (
				A2C7034A2B3633E400D3670C /* Model */,
				A2C7034C2B36341F00D3670C /* View */,
				A28413892B3482AE008F293E /* CrustaceanApp.swift */,
				A284138B2B3482AE008F293E /* ContentView.swift */,
				A27735872B34E919009F0DF5 /* Tab.swift */,
				A27735912B35977B009F0DF5 /* Utils.swift */,
				A27735892B34EC92009F0DF5 /* Constants.swift */,
				A284138D2B3482B0008F293E /* Assets.xcassets */,
				A284138F2B3482B0008F293E /* Preview Content */,
			);
			path = crustacean;
			sourceTree = "<group>";
		};
		A284138F2B3482B0008F293E /* Preview Content */ = {
			isa = PBXGroup;
			children = (
				A28413902B3482B0008F293E /* Preview Assets.xcassets */,
			);
			path = "Preview Content";
			sourceTree = "<group>";
		};
		A2C7034A2B3633E400D3670C /* Model */ = {
			isa = PBXGroup;
			children = (
				A277357F2B34DCEE009F0DF5 /* User.swift */,
				A277359B2B35BD55009F0DF5 /* Story.swift */,
				A277357D2B34DCE0009F0DF5 /* Post.swift */,
				A27735992B35A81B009F0DF5 /* Comment.swift */,
			);
			path = Model;
			sourceTree = "<group>";
		};
		A2C7034C2B36341F00D3670C /* View */ = {
			isa = PBXGroup;
			children = (
				A27735852B34E898009F0DF5 /* CrustaceanTabView.swift */,
				A277358D2B34F8DB009F0DF5 /* PostListItemView.swift */,
				A2C703482B362E1D00D3670C /* PostHeadingView.swift */,
				A277358F2B3596F3009F0DF5 /* PostDetailView.swift */,
				A2C7034D2B36365500D3670C /* CommentView.swift */,
			);
			path = View;
			sourceTree = "<group>";
		};
/* End PBXGroup section */

/* Begin PBXNativeTarget section */
		A28413852B3482AE008F293E /* crustacean */ = {
			isa = PBXNativeTarget;
			buildConfigurationList = A28413942B3482B0008F293E /* Build configuration list for PBXNativeTarget "crustacean" */;
			buildPhases = (
				A28413822B3482AE008F293E /* Sources */,
				A28413832B3482AE008F293E /* Frameworks */,
				A28413842B3482AE008F293E /* Resources */,
			);
			buildRules = (
			);
			dependencies = (
			);
			name = crustacean;
			packageProductDependencies = (
			);
			productName = crustacean;
			productReference = A28413862B3482AE008F293E /* crustacean.app */;
			productType = "com.apple.product-type.application";
		};
/* End PBXNativeTarget section */

/* Begin PBXProject section */
		A284137E2B3482AE008F293E /* Project object */ = {
			isa = PBXProject;
			attributes = {
				BuildIndependentTargetsInParallel = 1;
				LastSwiftUpdateCheck = 1510;
				LastUpgradeCheck = 1510;
				TargetAttributes = {
					A28413852B3482AE008F293E = {
						CreatedOnToolsVersion = 15.1;
					};
				};
			};
			buildConfigurationList = A28413812B3482AE008F293E /* Build configuration list for PBXProject "crustacean" */;
			compatibilityVersion = "Xcode 14.0";
			developmentRegion = en;
			hasScannedForEncodings = 0;
			knownRegions = (
				en,
				Base,
			);
			mainGroup = A284137D2B3482AE008F293E;
			packageReferences = (
			);
			productRefGroup = A28413872B3482AE008F293E /* Products */;
			projectDirPath = "";
			projectRoot = "";
			targets = (
				A28413852B3482AE008F293E /* crustacean */,
			);
		};
/* End PBXProject section */

/* Begin PBXResourcesBuildPhase section */
		A28413842B3482AE008F293E /* Resources */ = {
			isa = PBXResourcesBuildPhase;
			buildActionMask = 2147483647;
			files = (
				A28413912B3482B0008F293E /* Preview Assets.xcassets in Resources */,
				A284138E2B3482B0008F293E /* Assets.xcassets in Resources */,
			);
			runOnlyForDeploymentPostprocessing = 0;
		};
/* End PBXResourcesBuildPhase section */

/* Begin PBXSourcesBuildPhase section */
		A28413822B3482AE008F293E /* Sources */ = {
			isa = PBXSourcesBuildPhase;
			buildActionMask = 2147483647;
			files = (
				A27735902B3596F3009F0DF5 /* PostDetailView.swift in Sources */,
				A284138C2B3482AE008F293E /* ContentView.swift in Sources */,
				A284138A2B3482AE008F293E /* CrustaceanApp.swift in Sources */,
				A2C703492B362E1D00D3670C /* PostHeadingView.swift in Sources */,
				A277358E2B34F8DB009F0DF5 /* PostListItemView.swift in Sources */,
				A27735802B34DCEE009F0DF5 /* User.swift in Sources */,
				A27735922B35977B009F0DF5 /* Utils.swift in Sources */,
				A27735882B34E919009F0DF5 /* Tab.swift in Sources */,
				A277358A2B34EC92009F0DF5 /* Constants.swift in Sources */,
				A27735862B34E898009F0DF5 /* CrustaceanTabView.swift in Sources */,
				A277359A2B35A81B009F0DF5 /* Comment.swift in Sources */,
				A277357E2B34DCE0009F0DF5 /* Post.swift in Sources */,
				A2C7034E2B36365500D3670C /* CommentView.swift in Sources */,
				A277359C2B35BD55009F0DF5 /* Story.swift in Sources */,
			);
			runOnlyForDeploymentPostprocessing = 0;
		};
/* End PBXSourcesBuildPhase section */

/* Begin XCBuildConfiguration section */
		A28413922B3482B0008F293E /* Debug */ = {
			isa = XCBuildConfiguration;
			buildSettings = {
				ALWAYS_SEARCH_USER_PATHS = NO;
				ASSETCATALOG_COMPILER_GENERATE_SWIFT_ASSET_SYMBOL_EXTENSIONS = YES;
				CLANG_ANALYZER_NONNULL = YES;
				CLANG_ANALYZER_NUMBER_OBJECT_CONVERSION = YES_AGGRESSIVE;
				CLANG_CXX_LANGUAGE_STANDARD = "gnu++20";
				CLANG_ENABLE_MODULES = YES;
				CLANG_ENABLE_OBJC_ARC = YES;
				CLANG_ENABLE_OBJC_WEAK = YES;
				CLANG_WARN_BLOCK_CAPTURE_AUTORELEASING = YES;
				CLANG_WARN_BOOL_CONVERSION = YES;
				CLANG_WARN_COMMA = YES;
				CLANG_WARN_CONSTANT_CONVERSION = YES;
				CLANG_WARN_DEPRECATED_OBJC_IMPLEMENTATIONS = YES;
				CLANG_WARN_DIRECT_OBJC_ISA_USAGE = YES_ERROR;
				CLANG_WARN_DOCUMENTATION_COMMENTS = YES;
				CLANG_WARN_EMPTY_BODY = YES;
				CLANG_WARN_ENUM_CONVERSION = YES;
				CLANG_WARN_INFINITE_RECURSION = YES;
				CLANG_WARN_INT_CONVERSION = YES;
				CLANG_WARN_NON_LITERAL_NULL_CONVERSION = YES;
				CLANG_WARN_OBJC_IMPLICIT_RETAIN_SELF = YES;
				CLANG_WARN_OBJC_LITERAL_CONVERSION = YES;
				CLANG_WARN_OBJC_ROOT_CLASS = YES_ERROR;
				CLANG_WARN_QUOTED_INCLUDE_IN_FRAMEWORK_HEADER = YES;
				CLANG_WARN_RANGE_LOOP_ANALYSIS = YES;
				CLANG_WARN_STRICT_PROTOTYPES = YES;
				CLANG_WARN_SUSPICIOUS_MOVE = YES;
				CLANG_WARN_UNGUARDED_AVAILABILITY = YES_AGGRESSIVE;
				CLANG_WARN_UNREACHABLE_CODE = YES;
				CLANG_WARN__DUPLICATE_METHOD_MATCH = YES;
				COPY_PHASE_STRIP = NO;
				DEBUG_INFORMATION_FORMAT = dwarf;
				ENABLE_STRICT_OBJC_MSGSEND = YES;
				ENABLE_TESTABILITY = YES;
				ENABLE_USER_SCRIPT_SANDBOXING = YES;
				GCC_C_LANGUAGE_STANDARD = gnu17;
				GCC_DYNAMIC_NO_PIC = NO;
				GCC_NO_COMMON_BLOCKS = YES;
				GCC_OPTIMIZATION_LEVEL = 0;
				GCC_PREPROCESSOR_DEFINITIONS = (
					"DEBUG=1",
					"$(inherited)",
				);
				GCC_WARN_64_TO_32_BIT_CONVERSION = YES;
				GCC_WARN_ABOUT_RETURN_TYPE = YES_ERROR;
				GCC_WARN_UNDECLARED_SELECTOR = YES;
				GCC_WARN_UNINITIALIZED_AUTOS = YES_AGGRESSIVE;
				GCC_WARN_UNUSED_FUNCTION = YES;
				GCC_WARN_UNUSED_VARIABLE = YES;
				IPHONEOS_DEPLOYMENT_TARGET = 17.2;
				LOCALIZATION_PREFERS_STRING_CATALOGS = YES;
				MTL_ENABLE_DEBUG_INFO = INCLUDE_SOURCE;
				MTL_FAST_MATH = YES;
				ONLY_ACTIVE_ARCH = YES;
				SDKROOT = iphoneos;
				SWIFT_ACTIVE_COMPILATION_CONDITIONS = "DEBUG $(inherited)";
				SWIFT_OPTIMIZATION_LEVEL = "-Onone";
			};
			name = Debug;
		};
		A28413932B3482B0008F293E /* Release */ = {
			isa = XCBuildConfiguration;
			buildSettings = {
				ALWAYS_SEARCH_USER_PATHS = NO;
				ASSETCATALOG_COMPILER_GENERATE_SWIFT_ASSET_SYMBOL_EXTENSIONS = YES;
				CLANG_ANALYZER_NONNULL = YES;
				CLANG_ANALYZER_NUMBER_OBJECT_CONVERSION = YES_AGGRESSIVE;
				CLANG_CXX_LANGUAGE_STANDARD = "gnu++20";
				CLANG_ENABLE_MODULES = YES;
				CLANG_ENABLE_OBJC_ARC = YES;
				CLANG_ENABLE_OBJC_WEAK = YES;
				CLANG_WARN_BLOCK_CAPTURE_AUTORELEASING = YES;
				CLANG_WARN_BOOL_CONVERSION = YES;
				CLANG_WARN_COMMA = YES;
				CLANG_WARN_CONSTANT_CONVERSION = YES;
				CLANG_WARN_DEPRECATED_OBJC_IMPLEMENTATIONS = YES;
				CLANG_WARN_DIRECT_OBJC_ISA_USAGE = YES_ERROR;
				CLANG_WARN_DOCUMENTATION_COMMENTS = YES;
				CLANG_WARN_EMPTY_BODY = YES;
				CLANG_WARN_ENUM_CONVERSION = YES;
				CLANG_WARN_INFINITE_RECURSION = YES;
				CLANG_WARN_INT_CONVERSION = YES;
				CLANG_WARN_NON_LITERAL_NULL_CONVERSION = YES;
				CLANG_WARN_OBJC_IMPLICIT_RETAIN_SELF = YES;
				CLANG_WARN_OBJC_LITERAL_CONVERSION = YES;
				CLANG_WARN_OBJC_ROOT_CLASS = YES_ERROR;
				CLANG_WARN_QUOTED_INCLUDE_IN_FRAMEWORK_HEADER = YES;
				CLANG_WARN_RANGE_LOOP_ANALYSIS = YES;
				CLANG_WARN_STRICT_PROTOTYPES = YES;
				CLANG_WARN_SUSPICIOUS_MOVE = YES;
				CLANG_WARN_UNGUARDED_AVAILABILITY = YES_AGGRESSIVE;
				CLANG_WARN_UNREACHABLE_CODE = YES;
				CLANG_WARN__DUPLICATE_METHOD_MATCH = YES;
				COPY_PHASE_STRIP = NO;
				DEBUG_INFORMATION_FORMAT = "dwarf-with-dsym";
				ENABLE_NS_ASSERTIONS = NO;
				ENABLE_STRICT_OBJC_MSGSEND = YES;
				ENABLE_USER_SCRIPT_SANDBOXING = YES;
				GCC_C_LANGUAGE_STANDARD = gnu17;
				GCC_NO_COMMON_BLOCKS = YES;
				GCC_WARN_64_TO_32_BIT_CONVERSION = YES;
				GCC_WARN_ABOUT_RETURN_TYPE = YES_ERROR;
				GCC_WARN_UNDECLARED_SELECTOR = YES;
				GCC_WARN_UNINITIALIZED_AUTOS = YES_AGGRESSIVE;
				GCC_WARN_UNUSED_FUNCTION = YES;
				GCC_WARN_UNUSED_VARIABLE = YES;
				IPHONEOS_DEPLOYMENT_TARGET = 17.2;
				LOCALIZATION_PREFERS_STRING_CATALOGS = YES;
				MTL_ENABLE_DEBUG_INFO = NO;
				MTL_FAST_MATH = YES;
				SDKROOT = iphoneos;
				SWIFT_COMPILATION_MODE = wholemodule;
				VALIDATE_PRODUCT = YES;
			};
			name = Release;
		};
		A28413952B3482B0008F293E /* Debug */ = {
			isa = XCBuildConfiguration;
			buildSettings = {
				ASSETCATALOG_COMPILER_APPICON_NAME = AppIcon;
				ASSETCATALOG_COMPILER_GLOBAL_ACCENT_COLOR_NAME = AccentColor;
				CODE_SIGN_STYLE = Automatic;
				CURRENT_PROJECT_VERSION = 1;
				DEVELOPMENT_ASSET_PATHS = "\"crustacean/Preview Content\"";
				DEVELOPMENT_TEAM = YT3W576VWV;
				ENABLE_PREVIEWS = YES;
				GENERATE_INFOPLIST_FILE = YES;
				INFOPLIST_KEY_CFBundleDisplayName = Crustacean;
				INFOPLIST_KEY_LSApplicationCategoryType = "public.app-category.news";
				INFOPLIST_KEY_UIApplicationSceneManifest_Generation = YES;
				INFOPLIST_KEY_UIApplicationSupportsIndirectInputEvents = YES;
				INFOPLIST_KEY_UILaunchScreen_Generation = YES;
				INFOPLIST_KEY_UISupportedInterfaceOrientations_iPad = "UIInterfaceOrientationPortrait UIInterfaceOrientationPortraitUpsideDown UIInterfaceOrientationLandscapeLeft UIInterfaceOrientationLandscapeRight";
				INFOPLIST_KEY_UISupportedInterfaceOrientations_iPhone = "UIInterfaceOrientationPortrait UIInterfaceOrientationLandscapeLeft UIInterfaceOrientationLandscapeRight";
				LD_RUNPATH_SEARCH_PATHS = (
					"$(inherited)",
					"@executable_path/Frameworks",
				);
				MARKETING_VERSION = 1.0;
				PRODUCT_BUNDLE_IDENTIFIER = sayan.page.crustacean;
				PRODUCT_NAME = "$(TARGET_NAME)";
				SUPPORTED_PLATFORMS = "iphoneos iphonesimulator";
				SUPPORTS_MACCATALYST = NO;
				SUPPORTS_MAC_DESIGNED_FOR_IPHONE_IPAD = NO;
				SWIFT_EMIT_LOC_STRINGS = YES;
				SWIFT_VERSION = 5.0;
				TARGETED_DEVICE_FAMILY = 1;
			};
			name = Debug;
		};
		A28413962B3482B0008F293E /* Release */ = {
			isa = XCBuildConfiguration;
			buildSettings = {
				ASSETCATALOG_COMPILER_APPICON_NAME = AppIcon;
				ASSETCATALOG_COMPILER_GLOBAL_ACCENT_COLOR_NAME = AccentColor;
				CODE_SIGN_STYLE = Automatic;
				CURRENT_PROJECT_VERSION = 1;
				DEVELOPMENT_ASSET_PATHS = "\"crustacean/Preview Content\"";
				DEVELOPMENT_TEAM = YT3W576VWV;
				ENABLE_PREVIEWS = YES;
				GENERATE_INFOPLIST_FILE = YES;
				INFOPLIST_KEY_CFBundleDisplayName = Crustacean;
				INFOPLIST_KEY_LSApplicationCategoryType = "public.app-category.news";
				INFOPLIST_KEY_UIApplicationSceneManifest_Generation = YES;
				INFOPLIST_KEY_UIApplicationSupportsIndirectInputEvents = YES;
				INFOPLIST_KEY_UILaunchScreen_Generation = YES;
				INFOPLIST_KEY_UISupportedInterfaceOrientations_iPad = "UIInterfaceOrientationPortrait UIInterfaceOrientationPortraitUpsideDown UIInterfaceOrientationLandscapeLeft UIInterfaceOrientationLandscapeRight";
				INFOPLIST_KEY_UISupportedInterfaceOrientations_iPhone = "UIInterfaceOrientationPortrait UIInterfaceOrientationLandscapeLeft UIInterfaceOrientationLandscapeRight";
				LD_RUNPATH_SEARCH_PATHS = (
					"$(inherited)",
					"@executable_path/Frameworks",
				);
				MARKETING_VERSION = 1.0;
				PRODUCT_BUNDLE_IDENTIFIER = sayan.page.crustacean;
				PRODUCT_NAME = "$(TARGET_NAME)";
				SUPPORTED_PLATFORMS = "iphoneos iphonesimulator";
				SUPPORTS_MACCATALYST = NO;
				SUPPORTS_MAC_DESIGNED_FOR_IPHONE_IPAD = NO;
				SWIFT_EMIT_LOC_STRINGS = YES;
				SWIFT_VERSION = 5.0;
				TARGETED_DEVICE_FAMILY = 1;
			};
			name = Release;
		};
/* End XCBuildConfiguration section */

/* Begin XCConfigurationList section */
		A28413812B3482AE008F293E /* Build configuration list for PBXProject "crustacean" */ = {
			isa = XCConfigurationList;
			buildConfigurations = (
				A28413922B3482B0008F293E /* Debug */,
				A28413932B3482B0008F293E /* Release */,
			);
			defaultConfigurationIsVisible = 0;
			defaultConfigurationName = Release;
		};
		A28413942B3482B0008F293E /* Build configuration list for PBXNativeTarget "crustacean" */ = {
			isa = XCConfigurationList;
			buildConfigurations = (
				A28413952B3482B0008F293E /* Debug */,
				A28413962B3482B0008F293E /* Release */,
			);
			defaultConfigurationIsVisible = 0;
			defaultConfigurationName = Release;
		};
/* End XCConfigurationList section */
	};
	rootObject = A284137E2B3482AE008F293E /* Project object */;
}
